
Microsoft Visual Studio Solution File, Format Version 12.00
# Visual Studio Version 17
VisualStudioVersion = 17.14.36310.24 d17.14
MinimumVisualStudioVersion = 10.0.40219.1
Project("{FAE04EC0-301F-11D3-BF4B-00C04F79EFBC}") = "Beigerock's Calculator App", "Beigerock's Calculator App.csproj", "{13769599-910D-42AB-B60B-80DE53042A46}"
EndProject
Global
	GlobalSection(SolutionConfigurationPlatforms) = preSolution
		Debug|Any CPU = Debug|Any CPU
		Release|Any CPU = Release|Any CPU
	EndGlobalSection
	GlobalSection(ProjectConfigurationPlatforms) = postSolution
		{13769599-910D-42AB-B60B-80DE53042A46}.Debug|Any CPU.ActiveCfg = Debug|Any CPU
		{13769599-910D-42AB-B60B-80DE53042A46}.Debug|Any CPU.Build.0 = Debug|Any CPU
		{13769599-910D-42AB-B60B-80DE53042A46}.Release|Any CPU.ActiveCfg = Release|Any CPU
		{13769599-910D-42AB-B60B-80DE53042A46}.Release|Any CPU.Build.0 = Release|Any CPU
	EndGlobalSection
	GlobalSection(SolutionProperties) = preSolution
		HideSolutionNode = FALSE
	EndGlobalSection
	GlobalSection(ExtensibilityGlobals) = postSolution
		SolutionGuid = {F53DEE2A-7702-4C09-B46C-F69A3EA0E1A4}
	EndGlobalSection
EndGlobal
